# THIS IS AN AUTOGENERATED FILE. DO NOT EDIT THIS FILE DIRECTLY.
# yarn lockfile v1


"@digitalpersona/core@^0.2":
  version "0.2.6"
  resolved "https://registry.yarnpkg.com/@digitalpersona/core/-/core-0.2.6.tgz#750d427d996e4b0452be06265aa58bd4af8db0b9"
  integrity sha512-wI9TNLYuPbl77mgsod3ugB9fy9LMJ/pybnyQsPGXVHLD7x6rZ+U9AqYSLPPQ3agGRfysxgyN808bNxt0AspG7Q==
  dependencies:
    tslib "^1.9.3"

"@digitalpersona/devices@^0.2.6":
  version "0.2.6"
  resolved "https://registry.yarnpkg.com/@digitalpersona/devices/-/devices-0.2.6.tgz#dc039cba100a980a4483c4b70b0728fca8906668"
  integrity sha512-e+D45kYZTmEvE7xGov0+64+cuSc9jVfejqD/OZKSbeOlPSTlk9cxUKh9Acy2HsSRMq+AFm/bL3nKxGTqV6bx4g==
  dependencies:
    "@digitalpersona/core" "^0.2"
    "@digitalpersona/services" "^0.2"
    tslib "^1.9.3"

"@digitalpersona/services@^0.2":
  version "0.2.8"
  resolved "https://registry.yarnpkg.com/@digitalpersona/services/-/services-0.2.8.tgz#2814dd6e87b0ee789770c60ffa258c9cf2a00d1b"
  integrity sha512-rO+hCaV3eplhnVIB+fJr1WdM3BVU2hfWHxr2V+5CRH05dRUKJCj/21j4I32MlYQNNASkw/3/OMS88KXGyZuaxw==
  dependencies:
    "@digitalpersona/core" "^0.2"
    tslib "^1.9.3"

async@^3.2.6:
  version "3.2.6"
  resolved "https://registry.yarnpkg.com/async/-/async-3.2.6.tgz#1b0728e14929d51b85b449b7f06e27c1145e38ce"
  integrity sha512-htCUDlxyyCLMgaM3xXg0C0LW2xqfuQ6p05pCEIsXuyQ+a1koYKTuBMzRNwmybfLgvJDMd0r1LTn4+E0Ti6C2AA==

es6-promise@^4.2.8:
  version "4.2.8"
  resolved "https://registry.yarnpkg.com/es6-promise/-/es6-promise-4.2.8.tgz#4eb21594c972bc40553d276e510539143db53e0a"
  integrity sha512-HJDGx5daxeIvxdBxvG2cb9g4tEvwIk3i8+nhX0yGrYmZUzbkdg8QbDevheDB8gd0//uPj4c1EQua8Q+MViT0/w==

tslib@^1.9.3:
  version "1.14.1"
  resolved "https://registry.yarnpkg.com/tslib/-/tslib-1.14.1.tgz#cf2d38bdc34a134bcaf1091c41f6619e2f672d00"
  integrity sha512-Xni35NKzjgMrwevysHTCArtLDpPvye8zV/0E4EyYn43P7/7qvQwPh9BGkHewbMulVntbigmcT7rdX3BNo9wRJg==
